{
  "object": {
    "pins": [
      {
        "package": "CryptoSwift",
        "repositoryURL": "https://github.com/krzyzanowskim/CryptoSwift.git",
        "state": {
          "branch": "master",
          "revision": "a842251aee9047b2b335afe0ae0b5b44daf95219",
          "version": null
        }
      },
      {
        "package": "KeychainAccess",
        "repositoryURL": "https://github.com/kishikawakatsumi/KeychainAccess.git",
        "state": {
          "branch": "master",
          "revision": "c801c3f13edc581d2e9441b5146e767ad55e078f",
          "version": null
        }
      }
    ]
  },
  "version": 1
}
